// !$*UTF8*$!
{
	archiveVersion = 1;
	classes = {
	};
	objectVersion = 50;
	objects = {

/* Begin PBXBuildFile section */
		74068EAD25E264B800AB6203 /* PagingCollectionViewCell.swift in Sources */ = {isa = PBXBuildFile; fileRef = 74068EAC25E264B800AB6203 /* PagingCollectionViewCell.swift */; };
		74DC47C625E221A60080097F /* AppDelegate.swift in Sources */ = {isa = PBXBuildFile; fileRef = 74DC47C525E221A60080097F /* AppDelegate.swift */; };
		74DC47C825E221A60080097F /* SceneDelegate.swift in Sources */ = {isa = PBXBuildFile; fileRef = 74DC47C725E221A60080097F /* SceneDelegate.swift */; };
		74DC47CA25E221A60080097F /* ViewController.swift in Sources */ = {isa = PBXBuildFile; fileRef = 74DC47C925E221A60080097F /* ViewController.swift */; };
		74DC47CD25E221A60080097F /* Main.storyboard in Resources */ = {isa = PBXBuildFile; fileRef = 74DC47CB25E221A60080097F /* Main.storyboard */; };
		74DC47CF25E221A60080097F /* Assets.xcassets in Resources */ = {isa = PBXBuildFile; fileRef = 74DC47CE25E221A60080097F /* Assets.xcassets */; };
		74DC47D225E221A60080097F /* LaunchScreen.storyboard in Resources */ = {isa = PBXBuildFile; fileRef = 74DC47D025E221A60080097F /* LaunchScreen.storyboard */; };
		74DC47DB25E221FD0080097F /* ViewModel.swift in Sources */ = {isa = PBXBuildFile; fileRef = 74DC47DA25E221FD0080097F /* ViewModel.swift */; };
		74DC47DE25E222340080097F /* News.swift in Sources */ = {isa = PBXBuildFile; fileRef = 74DC47DD25E222340080097F /* News.swift */; };
		74DC47E125E2293B0080097F /* NewsRepository.swift in Sources */ = {isa = PBXBuildFile; fileRef = 74DC47E025E2293B0080097F /* NewsRepository.swift */; };
		74DC47E625E245880080097F /* NewsCollectionViewCell.xib in Resources */ = {isa = PBXBuildFile; fileRef = 74DC47E525E245880080097F /* NewsCollectionViewCell.xib */; };
		74DC47E925E2459D0080097F /* NewsCollectionViewCell.swift in Sources */ = {isa = PBXBuildFile; fileRef = 74DC47E825E2459D0080097F /* NewsCollectionViewCell.swift */; };
		74DC47ED25E250150080097F /* Router.swift in Sources */ = {isa = PBXBuildFile; fileRef = 74DC47EC25E250150080097F /* Router.swift */; };
		74DC47F025E25B110080097F /* Paging.swift in Sources */ = {isa = PBXBuildFile; fileRef = 74DC47EF25E25B110080097F /* Paging.swift */; };
		74DC47F325E25B230080097F /* ApiError.swift in Sources */ = {isa = PBXBuildFile; fileRef = 74DC47F225E25B230080097F /* ApiError.swift */; };
		74FBD39525E5005A00BB0E8D /* DidSetPublished.swift in Sources */ = {isa = PBXBuildFile; fileRef = 74FBD39425E5005A00BB0E8D /* DidSetPublished.swift */; };
		74FBD39A25E50D8700BB0E8D /* NSLayoutConstraint+Extensions.swift in Sources */ = {isa = PBXBuildFile; fileRef = 74FBD39925E50D8700BB0E8D /* NSLayoutConstraint+Extensions.swift */; };
/* End PBXBuildFile section */

/* Begin PBXFileReference section */
		74068EAC25E264B800AB6203 /* PagingCollectionViewCell.swift */ = {isa = PBXFileReference; lastKnownFileType = sourcecode.swift; path = PagingCollectionViewCell.swift; sourceTree = "<group>"; };
		74DC47C225E221A60080097F /* CombineSample.app */ = {isa = PBXFileReference; explicitFileType = wrapper.application; includeInIndex = 0; path = CombineSample.app; sourceTree = BUILT_PRODUCTS_DIR; };
		74DC47C525E221A60080097F /* AppDelegate.swift */ = {isa = PBXFileReference; lastKnownFileType = sourcecode.swift; path = AppDelegate.swift; sourceTree = "<group>"; };
		74DC47C725E221A60080097F /* SceneDelegate.swift */ = {isa = PBXFileReference; lastKnownFileType = sourcecode.swift; path = SceneDelegate.swift; sourceTree = "<group>"; };
		74DC47C925E221A60080097F /* ViewController.swift */ = {isa = PBXFileReference; lastKnownFileType = sourcecode.swift; path = ViewController.swift; sourceTree = "<group>"; };
		74DC47CC25E221A60080097F /* Base */ = {isa = PBXFileReference; lastKnownFileType = file.storyboard; name = Base; path = Base.lproj/Main.storyboard; sourceTree = "<group>"; };
		74DC47CE25E221A60080097F /* Assets.xcassets */ = {isa = PBXFileReference; lastKnownFileType = folder.assetcatalog; path = Assets.xcassets; sourceTree = "<group>"; };
		74DC47D125E221A60080097F /* Base */ = {isa = PBXFileReference; lastKnownFileType = file.storyboard; name = Base; path = Base.lproj/LaunchScreen.storyboard; sourceTree = "<group>"; };
		74DC47D325E221A60080097F /* Info.plist */ = {isa = PBXFileReference; lastKnownFileType = text.plist.xml; path = Info.plist; sourceTree = "<group>"; };
		74DC47DA25E221FD0080097F /* ViewModel.swift */ = {isa = PBXFileReference; lastKnownFileType = sourcecode.swift; path = ViewModel.swift; sourceTree = "<group>"; };
		74DC47DD25E222340080097F /* News.swift */ = {isa = PBXFileReference; lastKnownFileType = sourcecode.swift; path = News.swift; sourceTree = "<group>"; };
		74DC47E025E2293B0080097F /* NewsRepository.swift */ = {isa = PBXFileReference; lastKnownFileType = sourcecode.swift; path = NewsRepository.swift; sourceTree = "<group>"; };
		74DC47E525E245880080097F /* NewsCollectionViewCell.xib */ = {isa = PBXFileReference; lastKnownFileType = file.xib; path = NewsCollectionViewCell.xib; sourceTree = "<group>"; };
		74DC47E825E2459D0080097F /* NewsCollectionViewCell.swift */ = {isa = PBXFileReference; lastKnownFileType = sourcecode.swift; path = NewsCollectionViewCell.swift; sourceTree = "<group>"; };
		74DC47EC25E250150080097F /* Router.swift */ = {isa = PBXFileReference; lastKnownFileType = sourcecode.swift; path = Router.swift; sourceTree = "<group>"; };
		74DC47EF25E25B110080097F /* Paging.swift */ = {isa = PBXFileReference; lastKnownFileType = sourcecode.swift; path = Paging.swift; sourceTree = "<group>"; };
		74DC47F225E25B230080097F /* ApiError.swift */ = {isa = PBXFileReference; lastKnownFileType = sourcecode.swift; path = ApiError.swift; sourceTree = "<group>"; };
		74FBD39425E5005A00BB0E8D /* DidSetPublished.swift */ = {isa = PBXFileReference; lastKnownFileType = sourcecode.swift; path = DidSetPublished.swift; sourceTree = "<group>"; };
		74FBD39925E50D8700BB0E8D /* NSLayoutConstraint+Extensions.swift */ = {isa = PBXFileReference; lastKnownFileType = sourcecode.swift; path = "NSLayoutConstraint+Extensions.swift"; sourceTree = "<group>"; };
/* End PBXFileReference section */

/* Begin PBXFrameworksBuildPhase section */
		74DC47BF25E221A60080097F /* Frameworks */ = {
			isa = PBXFrameworksBuildPhase;
			buildActionMask = 2147483647;
			files = (
			);
			runOnlyForDeploymentPostprocessing = 0;
		};
/* End PBXFrameworksBuildPhase section */

/* Begin PBXGroup section */
		74DC47B925E221A60080097F = {
			isa = PBXGroup;
			children = (
				74DC47C425E221A60080097F /* CombineSample */,
				74DC47C325E221A60080097F /* Products */,
			);
			sourceTree = "<group>";
		};
		74DC47C325E221A60080097F /* Products */ = {
			isa = PBXGroup;
			children = (
				74DC47C225E221A60080097F /* CombineSample.app */,
			);
			name = Products;
			sourceTree = "<group>";
		};
		74DC47C425E221A60080097F /* CombineSample */ = {
			isa = PBXGroup;
			children = (
				74DC47F725E25D5F0080097F /* Classe */,
				74DC47C525E221A60080097F /* AppDelegate.swift */,
				74DC47C725E221A60080097F /* SceneDelegate.swift */,
				74DC47CE25E221A60080097F /* Assets.xcassets */,
				74DC47D025E221A60080097F /* LaunchScreen.storyboard */,
				74DC47D325E221A60080097F /* Info.plist */,
			);
			path = CombineSample;
			sourceTree = "<group>";
		};
		74DC47F525E25D4B0080097F /* Model */ = {
			isa = PBXGroup;
			children = (
				74DC47DD25E222340080097F /* News.swift */,
				74DC47EF25E25B110080097F /* Paging.swift */,
				74DC47F225E25B230080097F /* ApiError.swift */,
			);
			path = Model;
			sourceTree = "<group>";
		};
		74DC47F725E25D5F0080097F /* Classe */ = {
			isa = PBXGroup;
			children = (
				74FBD39825E50D7800BB0E8D /* Extension */,
				74FBD39325E5004900BB0E8D /* Util */,
				74DC47FB25E25DE90080097F /* Repository */,
				74DC47F525E25D4B0080097F /* Model */,
				74DC47FA25E25DC70080097F /* Router */,
				74DC47F825E25D6C0080097F /* View */,
				74DC47F925E25DA90080097F /* ViewModel */,
			);
			path = Classe;
			sourceTree = "<group>";
		};
		74DC47F825E25D6C0080097F /* View */ = {
			isa = PBXGroup;
			children = (
				74FBD39C25E50E4D00BB0E8D /* CollectionViewCell */,
				74DC47CB25E221A60080097F /* Main.storyboard */,
				74DC47C925E221A60080097F /* ViewController.swift */,
			);
			path = View;
			sourceTree = "<group>";
		};
		74DC47F925E25DA90080097F /* ViewModel */ = {
			isa = PBXGroup;
			children = (
				74DC47DA25E221FD0080097F /* ViewModel.swift */,
			);
			path = ViewModel;
			sourceTree = "<group>";
		};
		74DC47FA25E25DC70080097F /* Router */ = {
			isa = PBXGroup;
			children = (
				74DC47EC25E250150080097F /* Router.swift */,
			);
			path = Router;
			sourceTree = "<group>";
		};
		74DC47FB25E25DE90080097F /* Repository */ = {
			isa = PBXGroup;
			children = (
				74DC47E025E2293B0080097F /* NewsRepository.swift */,
			);
			path = Repository;
			sourceTree = "<group>";
		};
		74FBD39325E5004900BB0E8D /* Util */ = {
			isa = PBXGroup;
			children = (
				74FBD39425E5005A00BB0E8D /* DidSetPublished.swift */,
			);
			path = Util;
			sourceTree = "<group>";
		};
		74FBD39825E50D7800BB0E8D /* Extension */ = {
			isa = PBXGroup;
			children = (
				74FBD39925E50D8700BB0E8D /* NSLayoutConstraint+Extensions.swift */,
			);
			path = Extension;
			sourceTree = "<group>";
		};
		74FBD39C25E50E4D00BB0E8D /* CollectionViewCell */ = {
			isa = PBXGroup;
			children = (
				74068EAC25E264B800AB6203 /* PagingCollectionViewCell.swift */,
				74DC47E825E2459D0080097F /* NewsCollectionViewCell.swift */,
				74DC47E525E245880080097F /* NewsCollectionViewCell.xib */,
			);
			path = CollectionViewCell;
			sourceTree = "<group>";
		};
/* End PBXGroup section */

/* Begin PBXNativeTarget section */
		74DC47C125E221A60080097F /* CombineSample */ = {
			isa = PBXNativeTarget;
			buildConfigurationList = 74DC47D625E221A60080097F /* Build configuration list for PBXNativeTarget "CombineSample" */;
			buildPhases = (
				74DC47BE25E221A60080097F /* Sources */,
				74DC47BF25E221A60080097F /* Frameworks */,
				74DC47C025E221A60080097F /* Resources */,
			);
			buildRules = (
			);
			dependencies = (
			);
			name = CombineSample;
			productName = CombineSample;
			productReference = 74DC47C225E221A60080097F /* CombineSample.app */;
			productType = "com.apple.product-type.application";
		};
/* End PBXNativeTarget section */

/* Begin PBXProject section */
		74DC47BA25E221A60080097F /* Project object */ = {
			isa = PBXProject;
			attributes = {
				LastSwiftUpdateCheck = 1240;
				LastUpgradeCheck = 1240;
				TargetAttributes = {
					74DC47C125E221A60080097F = {
						CreatedOnToolsVersion = 12.4;
					};
				};
			};
			buildConfigurationList = 74DC47BD25E221A60080097F /* Build configuration list for PBXProject "CombineSample" */;
			compatibilityVersion = "Xcode 9.3";
			developmentRegion = en;
			hasScannedForEncodings = 0;
			knownRegions = (
				en,
				Base,
			);
			mainGroup = 74DC47B925E221A60080097F;
			productRefGroup = 74DC47C325E221A60080097F /* Products */;
			projectDirPath = "";
			projectRoot = "";
			targets = (
				74DC47C125E221A60080097F /* CombineSample */,
			);
		};
/* End PBXProject section */

/* Begin PBXResourcesBuildPhase section */
		74DC47C025E221A60080097F /* Resources */ = {
			isa = PBXResourcesBuildPhase;
			buildActionMask = 2147483647;
			files = (
				74DC47D225E221A60080097F /* LaunchScreen.storyboard in Resources */,
				74DC47CF25E221A60080097F /* Assets.xcassets in Resources */,
				74DC47CD25E221A60080097F /* Main.storyboard in Resources */,
				74DC47E625E245880080097F /* NewsCollectionViewCell.xib in Resources */,
			);
			runOnlyForDeploymentPostprocessing = 0;
		};
/* End PBXResourcesBuildPhase section */

/* Begin PBXSourcesBuildPhase section */
		74DC47BE25E221A60080097F /* Sources */ = {
			isa = PBXSourcesBuildPhase;
			buildActionMask = 2147483647;
			files = (
				74DC47F025E25B110080097F /* Paging.swift in Sources */,
				74DC47ED25E250150080097F /* Router.swift in Sources */,
				74068EAD25E264B800AB6203 /* PagingCollectionViewCell.swift in Sources */,
				74DC47CA25E221A60080097F /* ViewController.swift in Sources */,
				74DC47F325E25B230080097F /* ApiError.swift in Sources */,
				74FBD39525E5005A00BB0E8D /* DidSetPublished.swift in Sources */,
				74DC47E925E2459D0080097F /* NewsCollectionViewCell.swift in Sources */,
				74DC47C625E221A60080097F /* AppDelegate.swift in Sources */,
				74DC47E125E2293B0080097F /* NewsRepository.swift in Sources */,
				74DC47DB25E221FD0080097F /* ViewModel.swift in Sources */,
				74FBD39A25E50D8700BB0E8D /* NSLayoutConstraint+Extensions.swift in Sources */,
				74DC47DE25E222340080097F /* News.swift in Sources */,
				74DC47C825E221A60080097F /* SceneDelegate.swift in Sources */,
			);
			runOnlyForDeploymentPostprocessing = 0;
		};
/* End PBXSourcesBuildPhase section */

/* Begin PBXVariantGroup section */
		74DC47CB25E221A60080097F /* Main.storyboard */ = {
			isa = PBXVariantGroup;
			children = (
				74DC47CC25E221A60080097F /* Base */,
			);
			name = Main.storyboard;
			sourceTree = "<group>";
		};
		74DC47D025E221A60080097F /* LaunchScreen.storyboard */ = {
			isa = PBXVariantGroup;
			children = (
				74DC47D125E221A60080097F /* Base */,
			);
			name = LaunchScreen.storyboard;
			sourceTree = "<group>";
		};
/* End PBXVariantGroup section */

/* Begin XCBuildConfiguration section */
		74DC47D425E221A60080097F /* Debug */ = {
			isa = XCBuildConfiguration;
			buildSettings = {
				ALWAYS_SEARCH_USER_PATHS = NO;
				CLANG_ANALYZER_NONNULL = YES;
				CLANG_ANALYZER_NUMBER_OBJECT_CONVERSION = YES_AGGRESSIVE;
				CLANG_CXX_LANGUAGE_STANDARD = "gnu++14";
				CLANG_CXX_LIBRARY = "libc++";
				CLANG_ENABLE_MODULES = YES;
				CLANG_ENABLE_OBJC_ARC = YES;
				CLANG_ENABLE_OBJC_WEAK = YES;
				CLANG_WARN_BLOCK_CAPTURE_AUTORELEASING = YES;
				CLANG_WARN_BOOL_CONVERSION = YES;
				CLANG_WARN_COMMA = YES;
				CLANG_WARN_CONSTANT_CONVERSION = YES;
				CLANG_WARN_DEPRECATED_OBJC_IMPLEMENTATIONS = YES;
				CLANG_WARN_DIRECT_OBJC_ISA_USAGE = YES_ERROR;
				CLANG_WARN_DOCUMENTATION_COMMENTS = YES;
				CLANG_WARN_EMPTY_BODY = YES;
				CLANG_WARN_ENUM_CONVERSION = YES;
				CLANG_WARN_INFINITE_RECURSION = YES;
				CLANG_WARN_INT_CONVERSION = YES;
				CLANG_WARN_NON_LITERAL_NULL_CONVERSION = YES;
				CLANG_WARN_OBJC_IMPLICIT_RETAIN_SELF = YES;
				CLANG_WARN_OBJC_LITERAL_CONVERSION = YES;
				CLANG_WARN_OBJC_ROOT_CLASS = YES_ERROR;
				CLANG_WARN_QUOTED_INCLUDE_IN_FRAMEWORK_HEADER = YES;
				CLANG_WARN_RANGE_LOOP_ANALYSIS = YES;
				CLANG_WARN_STRICT_PROTOTYPES = YES;
				CLANG_WARN_SUSPICIOUS_MOVE = YES;
				CLANG_WARN_UNGUARDED_AVAILABILITY = YES_AGGRESSIVE;
				CLANG_WARN_UNREACHABLE_CODE = YES;
				CLANG_WARN__DUPLICATE_METHOD_MATCH = YES;
				COPY_PHASE_STRIP = NO;
				DEBUG_INFORMATION_FORMAT = dwarf;
				ENABLE_STRICT_OBJC_MSGSEND = YES;
				ENABLE_TESTABILITY = YES;
				GCC_C_LANGUAGE_STANDARD = gnu11;
				GCC_DYNAMIC_NO_PIC = NO;
				GCC_NO_COMMON_BLOCKS = YES;
				GCC_OPTIMIZATION_LEVEL = 0;
				GCC_PREPROCESSOR_DEFINITIONS = (
					"DEBUG=1",
					"$(inherited)",
				);
				GCC_WARN_64_TO_32_BIT_CONVERSION = YES;
				GCC_WARN_ABOUT_RETURN_TYPE = YES_ERROR;
				GCC_WARN_UNDECLARED_SELECTOR = YES;
				GCC_WARN_UNINITIALIZED_AUTOS = YES_AGGRESSIVE;
				GCC_WARN_UNUSED_FUNCTION = YES;
				GCC_WARN_UNUSED_VARIABLE = YES;
				IPHONEOS_DEPLOYMENT_TARGET = 14.4;
				MTL_ENABLE_DEBUG_INFO = INCLUDE_SOURCE;
				MTL_FAST_MATH = YES;
				ONLY_ACTIVE_ARCH = YES;
				SDKROOT = iphoneos;
				SWIFT_ACTIVE_COMPILATION_CONDITIONS = DEBUG;
				SWIFT_OPTIMIZATION_LEVEL = "-Onone";
			};
			name = Debug;
		};
		74DC47D525E221A60080097F /* Release */ = {
			isa = XCBuildConfiguration;
			buildSettings = {
				ALWAYS_SEARCH_USER_PATHS = NO;
				CLANG_ANALYZER_NONNULL = YES;
				CLANG_ANALYZER_NUMBER_OBJECT_CONVERSION = YES_AGGRESSIVE;
				CLANG_CXX_LANGUAGE_STANDARD = "gnu++14";
				CLANG_CXX_LIBRARY = "libc++";
				CLANG_ENABLE_MODULES = YES;
				CLANG_ENABLE_OBJC_ARC = YES;
				CLANG_ENABLE_OBJC_WEAK = YES;
				CLANG_WARN_BLOCK_CAPTURE_AUTORELEASING = YES;
				CLANG_WARN_BOOL_CONVERSION = YES;
				CLANG_WARN_COMMA = YES;
				CLANG_WARN_CONSTANT_CONVERSION = YES;
				CLANG_WARN_DEPRECATED_OBJC_IMPLEMENTATIONS = YES;
				CLANG_WARN_DIRECT_OBJC_ISA_USAGE = YES_ERROR;
				CLANG_WARN_DOCUMENTATION_COMMENTS = YES;
				CLANG_WARN_EMPTY_BODY = YES;
				CLANG_WARN_ENUM_CONVERSION = YES;
				CLANG_WARN_INFINITE_RECURSION = YES;
				CLANG_WARN_INT_CONVERSION = YES;
				CLANG_WARN_NON_LITERAL_NULL_CONVERSION = YES;
				CLANG_WARN_OBJC_IMPLICIT_RETAIN_SELF = YES;
				CLANG_WARN_OBJC_LITERAL_CONVERSION = YES;
				CLANG_WARN_OBJC_ROOT_CLASS = YES_ERROR;
				CLANG_WARN_QUOTED_INCLUDE_IN_FRAMEWORK_HEADER = YES;
				CLANG_WARN_RANGE_LOOP_ANALYSIS = YES;
				CLANG_WARN_STRICT_PROTOTYPES = YES;
				CLANG_WARN_SUSPICIOUS_MOVE = YES;
				CLANG_WARN_UNGUARDED_AVAILABILITY = YES_AGGRESSIVE;
				CLANG_WARN_UNREACHABLE_CODE = YES;
				CLANG_WARN__DUPLICATE_METHOD_MATCH = YES;
				COPY_PHASE_STRIP = NO;
				DEBUG_INFORMATION_FORMAT = "dwarf-with-dsym";
				ENABLE_NS_ASSERTIONS = NO;
				ENABLE_STRICT_OBJC_MSGSEND = YES;
				GCC_C_LANGUAGE_STANDARD = gnu11;
				GCC_NO_COMMON_BLOCKS = YES;
				GCC_WARN_64_TO_32_BIT_CONVERSION = YES;
				GCC_WARN_ABOUT_RETURN_TYPE = YES_ERROR;
				GCC_WARN_UNDECLARED_SELECTOR = YES;
				GCC_WARN_UNINITIALIZED_AUTOS = YES_AGGRESSIVE;
				GCC_WARN_UNUSED_FUNCTION = YES;
				GCC_WARN_UNUSED_VARIABLE = YES;
				IPHONEOS_DEPLOYMENT_TARGET = 14.4;
				MTL_ENABLE_DEBUG_INFO = NO;
				MTL_FAST_MATH = YES;
				SDKROOT = iphoneos;
				SWIFT_COMPILATION_MODE = wholemodule;
				SWIFT_OPTIMIZATION_LEVEL = "-O";
				VALIDATE_PRODUCT = YES;
			};
			name = Release;
		};
		74DC47D725E221A60080097F /* Debug */ = {
			isa = XCBuildConfiguration;
			buildSettings = {
				ASSETCATALOG_COMPILER_APPICON_NAME = AppIcon;
				ASSETCATALOG_COMPILER_GLOBAL_ACCENT_COLOR_NAME = AccentColor;
				CODE_SIGN_STYLE = Automatic;
				INFOPLIST_FILE = CombineSample/Info.plist;
				LD_RUNPATH_SEARCH_PATHS = (
					"$(inherited)",
					"@executable_path/Frameworks",
				);
				PRODUCT_BUNDLE_IDENTIFIER = "com.zrn-ns.CombineSample";
				PRODUCT_NAME = "$(TARGET_NAME)";
				SWIFT_VERSION = 5.0;
				TARGETED_DEVICE_FAMILY = "1,2";
			};
			name = Debug;
		};
		74DC47D825E221A60080097F /* Release */ = {
			isa = XCBuildConfiguration;
			buildSettings = {
				ASSETCATALOG_COMPILER_APPICON_NAME = AppIcon;
				ASSETCATALOG_COMPILER_GLOBAL_ACCENT_COLOR_NAME = AccentColor;
				CODE_SIGN_STYLE = Automatic;
				INFOPLIST_FILE = CombineSample/Info.plist;
				LD_RUNPATH_SEARCH_PATHS = (
					"$(inherited)",
					"@executable_path/Frameworks",
				);
				PRODUCT_BUNDLE_IDENTIFIER = "com.zrn-ns.CombineSample";
				PRODUCT_NAME = "$(TARGET_NAME)";
				SWIFT_VERSION = 5.0;
				TARGETED_DEVICE_FAMILY = "1,2";
			};
			name = Release;
		};
/* End XCBuildConfiguration section */

/* Begin XCConfigurationList section */
		74DC47BD25E221A60080097F /* Build configuration list for PBXProject "CombineSample" */ = {
			isa = XCConfigurationList;
			buildConfigurations = (
				74DC47D425E221A60080097F /* Debug */,
				74DC47D525E221A60080097F /* Release */,
			);
			defaultConfigurationIsVisible = 0;
			defaultConfigurationName = Release;
		};
		74DC47D625E221A60080097F /* Build configuration list for PBXNativeTarget "CombineSample" */ = {
			isa = XCConfigurationList;
			buildConfigurations = (
				74DC47D725E221A60080097F /* Debug */,
				74DC47D825E221A60080097F /* Release */,
			);
			defaultConfigurationIsVisible = 0;
			defaultConfigurationName = Release;
		};
/* End XCConfigurationList section */
	};
	rootObject = 74DC47BA25E221A60080097F /* Project object */;
}
